
Microsoft Visual Studio Solution File, Format Version 12.00
# Visual Studio Version 16
VisualStudioVersion = 16.0.31911.196
MinimumVisualStudioVersion = 10.0.40219.1
Project("{FAE04EC0-301F-11D3-BF4B-00C04F79EFBC}") = "lab5", "lab5\lab5.csproj", "{015A9534-6528-47DB-B192-973ADB9ED991}"
EndProject
Global
	GlobalSection(SolutionConfigurationPlatforms) = preSolution
		Debug|Any CPU = Debug|Any CPU
		Release|Any CPU = Release|Any CPU
	EndGlobalSection
	GlobalSection(ProjectConfigurationPlatforms) = postSolution
		{015A9534-6528-47DB-B192-973ADB9ED991}.Debug|Any CPU.ActiveCfg = Debug|Any CPU
		{015A9534-6528-47DB-B192-973ADB9ED991}.Debug|Any CPU.Build.0 = Debug|Any CPU
		{015A9534-6528-47DB-B192-973ADB9ED991}.Release|Any CPU.ActiveCfg = Release|Any CPU
		{015A9534-6528-47DB-B192-973ADB9ED991}.Release|Any CPU.Build.0 = Release|Any CPU
	EndGlobalSection
	GlobalSection(SolutionProperties) = preSolution
		HideSolutionNode = FALSE
	EndGlobalSection
	GlobalSection(ExtensibilityGlobals) = postSolution
		SolutionGuid = {DA3A4AED-245D-484B-9B98-FD9A57AE809E}
	EndGlobalSection
EndGlobal
